# THIS IS AN AUTOGENERATED FILE. DO NOT EDIT THIS FILE DIRECTLY.
# yarn lockfile v1


"get-all-files@^4.1.0":
  "integrity" "sha512-ZH0Sbr6VQLMCcjrWNWyK0Wii9Kfw7ALnaZL6/5tTYf2/9lMtTTx9jSVAU92D3HfH9K8veAIehq3PbCZA7yde2g=="
  "resolved" "https://registry.npmjs.org/get-all-files/-/get-all-files-4.1.0.tgz"
  "version" "4.1.0"
